
Microsoft Visual Studio Solution File, Format Version 12.00
# Visual Studio Version 16
VisualStudioVersion = 16.0.30907.101
MinimumVisualStudioVersion = 10.0.40219.1
Project("{FAE04EC0-301F-11D3-BF4B-00C04F79EFBC}") = "InsulatedPlate", "InsulatedPlate.csproj", "{B7A3B33A-8507-4CE6-A9F2-D1856928D2D7}"
EndProject
Global
	GlobalSection(SolutionConfigurationPlatforms) = preSolution
		Debug|Any CPU = Debug|Any CPU
		Release|Any CPU = Release|Any CPU
		SpacedOutDebug|Any CPU = SpacedOutDebug|Any CPU
		SpacedOutRelease|Any CPU = SpacedOutRelease|Any CPU
		VanillaDebug|Any CPU = VanillaDebug|Any CPU
		VanillaRelease|Any CPU = VanillaRelease|Any CPU
	EndGlobalSection
	GlobalSection(ProjectConfigurationPlatforms) = postSolution
		{B7A3B33A-8507-4CE6-A9F2-D1856928D2D7}.Debug|Any CPU.ActiveCfg = Debug|Any CPU
		{B7A3B33A-8507-4CE6-A9F2-D1856928D2D7}.Debug|Any CPU.Build.0 = Debug|Any CPU
		{B7A3B33A-8507-4CE6-A9F2-D1856928D2D7}.Release|Any CPU.ActiveCfg = Release|Any CPU
		{B7A3B33A-8507-4CE6-A9F2-D1856928D2D7}.Release|Any CPU.Build.0 = Release|Any CPU
		{B7A3B33A-8507-4CE6-A9F2-D1856928D2D7}.SpacedOutDebug|Any CPU.ActiveCfg = SpacedOutDebug|Any CPU
		{B7A3B33A-8507-4CE6-A9F2-D1856928D2D7}.SpacedOutDebug|Any CPU.Build.0 = SpacedOutDebug|Any CPU
		{B7A3B33A-8507-4CE6-A9F2-D1856928D2D7}.SpacedOutRelease|Any CPU.ActiveCfg = SpacedOutRelease|Any CPU
		{B7A3B33A-8507-4CE6-A9F2-D1856928D2D7}.SpacedOutRelease|Any CPU.Build.0 = SpacedOutRelease|Any CPU
		{B7A3B33A-8507-4CE6-A9F2-D1856928D2D7}.VanillaDebug|Any CPU.ActiveCfg = VanillaDebug|Any CPU
		{B7A3B33A-8507-4CE6-A9F2-D1856928D2D7}.VanillaDebug|Any CPU.Build.0 = VanillaDebug|Any CPU
		{B7A3B33A-8507-4CE6-A9F2-D1856928D2D7}.VanillaRelease|Any CPU.ActiveCfg = VanillaRelease|Any CPU
		{B7A3B33A-8507-4CE6-A9F2-D1856928D2D7}.VanillaRelease|Any CPU.Build.0 = VanillaRelease|Any CPU
	EndGlobalSection
	GlobalSection(SolutionProperties) = preSolution
		HideSolutionNode = FALSE
	EndGlobalSection
	GlobalSection(ExtensibilityGlobals) = postSolution
		SolutionGuid = {EEFB4862-84B0-4B50-A9DE-A77E895EEFE8}
	EndGlobalSection
EndGlobal
